PODS:
  - BouncyCastle-ObjC (0.2.0)

DEPENDENCIES:
  - BouncyCastle-ObjC (from `../`)

EXTERNAL SOURCES:
  BouncyCastle-ObjC:
    :path: "../"

SPEC CHECKSUMS:
  BouncyCastle-ObjC: e5f8bcd7ee5db61ec473247c53059f9cf9781b55

PODFILE CHECKSUM: 9147a2f86ee739973eb2cc3065beab5b74d49d6b

COCOAPODS: 1.11.2
